
Microsoft Visual Studio Solution File, Format Version 12.00
# Visual Studio Version 16
VisualStudioVersion = 16.0.29911.84
MinimumVisualStudioVersion = 10.0.40219.1
Project("{FAE04EC0-301F-11D3-BF4B-00C04F79EFBC}") = "EST.Mp.Entities", "EST.Mp.Entities\EST.Mp.Entities.csproj", "{3707A0EA-402F-4865-8588-B1B9F26BE823}"
EndProject
Project("{FAE04EC0-301F-11D3-BF4B-00C04F79EFBC}") = "EST.Mp.Business", "EST.Mp.Business\EST.Mp.Business.csproj", "{111622C4-C67C-400C-9566-F5582474B1FA}"
EndProject
Project("{FAE04EC0-301F-11D3-BF4B-00C04F79EFBC}") = "EST.Mp.Core", "EST.Mp.Core\EST.Mp.Core.csproj", "{92A8F5A1-1792-437B-AB48-BFFD57948494}"
EndProject
Project("{FAE04EC0-301F-11D3-BF4B-00C04F79EFBC}") = "EST.Mp.DataAccess", "EST.Mp.DataAccess\EST.Mp.DataAccess.csproj", "{CD7DCE47-37E6-4B1C-B010-7BCCFDEDCBB7}"
EndProject
Project("{FAE04EC0-301F-11D3-BF4B-00C04F79EFBC}") = "EST.Mp.WebUI", "EST.Mp.WebUI\EST.Mp.WebUI.csproj", "{1F60DBE4-11D7-4B3F-800F-F6B9A682D604}"
EndProject
Global
	GlobalSection(SolutionConfigurationPlatforms) = preSolution
		Debug|Any CPU = Debug|Any CPU
		Release|Any CPU = Release|Any CPU
	EndGlobalSection
	GlobalSection(ProjectConfigurationPlatforms) = postSolution
		{3707A0EA-402F-4865-8588-B1B9F26BE823}.Debug|Any CPU.ActiveCfg = Debug|Any CPU
		{3707A0EA-402F-4865-8588-B1B9F26BE823}.Debug|Any CPU.Build.0 = Debug|Any CPU
		{3707A0EA-402F-4865-8588-B1B9F26BE823}.Release|Any CPU.ActiveCfg = Debug|Any CPU
		{3707A0EA-402F-4865-8588-B1B9F26BE823}.Release|Any CPU.Build.0 = Debug|Any CPU
		{111622C4-C67C-400C-9566-F5582474B1FA}.Debug|Any CPU.ActiveCfg = Debug|Any CPU
		{111622C4-C67C-400C-9566-F5582474B1FA}.Debug|Any CPU.Build.0 = Debug|Any CPU
		{111622C4-C67C-400C-9566-F5582474B1FA}.Release|Any CPU.ActiveCfg = Debug|Any CPU
		{111622C4-C67C-400C-9566-F5582474B1FA}.Release|Any CPU.Build.0 = Debug|Any CPU
		{92A8F5A1-1792-437B-AB48-BFFD57948494}.Debug|Any CPU.ActiveCfg = Debug|Any CPU
		{92A8F5A1-1792-437B-AB48-BFFD57948494}.Debug|Any CPU.Build.0 = Debug|Any CPU
		{92A8F5A1-1792-437B-AB48-BFFD57948494}.Release|Any CPU.ActiveCfg = Debug|Any CPU
		{92A8F5A1-1792-437B-AB48-BFFD57948494}.Release|Any CPU.Build.0 = Debug|Any CPU
		{CD7DCE47-37E6-4B1C-B010-7BCCFDEDCBB7}.Debug|Any CPU.ActiveCfg = Debug|Any CPU
		{CD7DCE47-37E6-4B1C-B010-7BCCFDEDCBB7}.Debug|Any CPU.Build.0 = Debug|Any CPU
		{CD7DCE47-37E6-4B1C-B010-7BCCFDEDCBB7}.Release|Any CPU.ActiveCfg = Debug|Any CPU
		{CD7DCE47-37E6-4B1C-B010-7BCCFDEDCBB7}.Release|Any CPU.Build.0 = Debug|Any CPU
		{1F60DBE4-11D7-4B3F-800F-F6B9A682D604}.Debug|Any CPU.ActiveCfg = Debug|Any CPU
		{1F60DBE4-11D7-4B3F-800F-F6B9A682D604}.Debug|Any CPU.Build.0 = Debug|Any CPU
		{1F60DBE4-11D7-4B3F-800F-F6B9A682D604}.Release|Any CPU.ActiveCfg = Debug|Any CPU
		{1F60DBE4-11D7-4B3F-800F-F6B9A682D604}.Release|Any CPU.Build.0 = Debug|Any CPU
	EndGlobalSection
	GlobalSection(SolutionProperties) = preSolution
		HideSolutionNode = FALSE
	EndGlobalSection
	GlobalSection(ExtensibilityGlobals) = postSolution
		SolutionGuid = {54F8523D-BB3E-4DC4-AC65-2D0CCDB65728}
	EndGlobalSection
EndGlobal
